
Microsoft Visual Studio Solution File, Format Version 12.00
# Visual Studio Version 17
VisualStudioVersion = 17.11.35219.272
MinimumVisualStudioVersion = 10.0.40219.1
Project("{9A19103F-16F7-4668-BE54-9A1E7A4F7556}") = "Core", "Libs\Core\Core.csproj", "{CEA2C1A6-03F4-4682-999A-0BD59BD0946F}"
EndProject
Project("{9A19103F-16F7-4668-BE54-9A1E7A4F7556}") = "DesignPatterns", "Libs\DesignPatterns\DesignPatterns.csproj", "{66D83557-0EF1-4A4C-96D0-2944A3AB84F0}"
EndProject
Project("{9A19103F-16F7-4668-BE54-9A1E7A4F7556}") = "UnitTests", "UnitTests\UnitTests.csproj", "{F80994D1-382E-41FA-B409-DB75347467A2}"
EndProject
Project("{9A19103F-16F7-4668-BE54-9A1E7A4F7556}") = "Api", "Api\Api.csproj", "{93C64B7B-981B-4EF2-A76A-048166CD6FF1}"
EndProject
Project("{2150E333-8FDC-42A3-9474-1A3956D46DE8}") = "Libs", "Libs", "{7DB5D6B9-A57E-48AC-970A-5007EB3D36D5}"
EndProject
Project("{FAE04EC0-301F-11D3-BF4B-00C04F79EFBC}") = "Examples", "Examples\Examples.csproj", "{7BE2C6DE-807B-45D1-B25C-015CC96317F3}"
EndProject
Global
	GlobalSection(SolutionConfigurationPlatforms) = preSolution
		Debug|Any CPU = Debug|Any CPU
		Release|Any CPU = Release|Any CPU
	EndGlobalSection
	GlobalSection(ProjectConfigurationPlatforms) = postSolution
		{CEA2C1A6-03F4-4682-999A-0BD59BD0946F}.Debug|Any CPU.ActiveCfg = Debug|Any CPU
		{CEA2C1A6-03F4-4682-999A-0BD59BD0946F}.Debug|Any CPU.Build.0 = Debug|Any CPU
		{CEA2C1A6-03F4-4682-999A-0BD59BD0946F}.Release|Any CPU.ActiveCfg = Release|Any CPU
		{CEA2C1A6-03F4-4682-999A-0BD59BD0946F}.Release|Any CPU.Build.0 = Release|Any CPU
		{66D83557-0EF1-4A4C-96D0-2944A3AB84F0}.Debug|Any CPU.ActiveCfg = Debug|Any CPU
		{66D83557-0EF1-4A4C-96D0-2944A3AB84F0}.Debug|Any CPU.Build.0 = Debug|Any CPU
		{66D83557-0EF1-4A4C-96D0-2944A3AB84F0}.Release|Any CPU.ActiveCfg = Release|Any CPU
		{66D83557-0EF1-4A4C-96D0-2944A3AB84F0}.Release|Any CPU.Build.0 = Release|Any CPU
		{F80994D1-382E-41FA-B409-DB75347467A2}.Debug|Any CPU.ActiveCfg = Debug|Any CPU
		{F80994D1-382E-41FA-B409-DB75347467A2}.Debug|Any CPU.Build.0 = Debug|Any CPU
		{F80994D1-382E-41FA-B409-DB75347467A2}.Release|Any CPU.ActiveCfg = Release|Any CPU
		{F80994D1-382E-41FA-B409-DB75347467A2}.Release|Any CPU.Build.0 = Release|Any CPU
		{93C64B7B-981B-4EF2-A76A-048166CD6FF1}.Debug|Any CPU.ActiveCfg = Debug|Any CPU
		{93C64B7B-981B-4EF2-A76A-048166CD6FF1}.Debug|Any CPU.Build.0 = Debug|Any CPU
		{93C64B7B-981B-4EF2-A76A-048166CD6FF1}.Release|Any CPU.ActiveCfg = Release|Any CPU
		{93C64B7B-981B-4EF2-A76A-048166CD6FF1}.Release|Any CPU.Build.0 = Release|Any CPU
		{7BE2C6DE-807B-45D1-B25C-015CC96317F3}.Debug|Any CPU.ActiveCfg = Debug|Any CPU
		{7BE2C6DE-807B-45D1-B25C-015CC96317F3}.Debug|Any CPU.Build.0 = Debug|Any CPU
		{7BE2C6DE-807B-45D1-B25C-015CC96317F3}.Release|Any CPU.ActiveCfg = Release|Any CPU
		{7BE2C6DE-807B-45D1-B25C-015CC96317F3}.Release|Any CPU.Build.0 = Release|Any CPU
	EndGlobalSection
	GlobalSection(SolutionProperties) = preSolution
		HideSolutionNode = FALSE
	EndGlobalSection
	GlobalSection(NestedProjects) = preSolution
		{CEA2C1A6-03F4-4682-999A-0BD59BD0946F} = {7DB5D6B9-A57E-48AC-970A-5007EB3D36D5}
		{66D83557-0EF1-4A4C-96D0-2944A3AB84F0} = {7DB5D6B9-A57E-48AC-970A-5007EB3D36D5}
	EndGlobalSection
	GlobalSection(ExtensibilityGlobals) = postSolution
		SolutionGuid = {C2AE116A-0201-495D-B1B0-3F5A057F1289}
	EndGlobalSection
EndGlobal
